
Microsoft Visual Studio Solution File, Format Version 12.00
# Visual Studio 15
VisualStudioVersion = 15.0.27703.2042
MinimumVisualStudioVersion = 10.0.40219.1
Project("{FAE04EC0-301F-11D3-BF4B-00C04F79EFBC}") = "addressbook", "addressbook\addressbook.csproj", "{A0FFD5ED-1753-49FA-9E00-30D68051F312}"
EndProject
Global
	GlobalSection(SolutionConfigurationPlatforms) = preSolution
		Debug|Any CPU = Debug|Any CPU
		Release|Any CPU = Release|Any CPU
	EndGlobalSection
	GlobalSection(ProjectConfigurationPlatforms) = postSolution
		{A0FFD5ED-1753-49FA-9E00-30D68051F312}.Debug|Any CPU.ActiveCfg = Debug|Any CPU
		{A0FFD5ED-1753-49FA-9E00-30D68051F312}.Debug|Any CPU.Build.0 = Debug|Any CPU
		{A0FFD5ED-1753-49FA-9E00-30D68051F312}.Release|Any CPU.ActiveCfg = Release|Any CPU
		{A0FFD5ED-1753-49FA-9E00-30D68051F312}.Release|Any CPU.Build.0 = Release|Any CPU
	EndGlobalSection
	GlobalSection(SolutionProperties) = preSolution
		HideSolutionNode = FALSE
	EndGlobalSection
	GlobalSection(ExtensibilityGlobals) = postSolution
		SolutionGuid = {86E79FDB-FADA-4EA0-BF6C-3F1955E44264}
	EndGlobalSection
EndGlobal
